
Microsoft Visual Studio Solution File, Format Version 12.00
# Visual Studio Version 17
VisualStudioVersion = 17.14.37411.7
MinimumVisualStudioVersion = 10.0.40219.1
Project("{FAE04EC0-301F-11D3-BF4B-00C04F79EFBC}") = "WS_IDENTIFICADOR1", "WS_IDENTIFICADOR1\WS_IDENTIFICADOR1.csproj", "{A4F8AE36-C729-4665-A295-F17C10C5F83A}"
EndProject
Project("{FAE04EC0-301F-11D3-BF4B-00C04F79EFBC}") = "WS_AUTENTICACION1", "WS_AUTENTICACION1\WS_AUTENTICACION1.csproj", "{569E921E-D53A-4AB9-BA99-4D4773ED72F5}"
EndProject
Global
	GlobalSection(SolutionConfigurationPlatforms) = preSolution
		Debug|Any CPU = Debug|Any CPU
		Release|Any CPU = Release|Any CPU
	EndGlobalSection
	GlobalSection(ProjectConfigurationPlatforms) = postSolution
		{A4F8AE36-C729-4665-A295-F17C10C5F83A}.Debug|Any CPU.ActiveCfg = Debug|Any CPU
		{A4F8AE36-C729-4665-A295-F17C10C5F83A}.Debug|Any CPU.Build.0 = Debug|Any CPU
		{A4F8AE36-C729-4665-A295-F17C10C5F83A}.Release|Any CPU.ActiveCfg = Release|Any CPU
		{A4F8AE36-C729-4665-A295-F17C10C5F83A}.Release|Any CPU.Build.0 = Release|Any CPU
		{569E921E-D53A-4AB9-BA99-4D4773ED72F5}.Debug|Any CPU.ActiveCfg = Debug|Any CPU
		{569E921E-D53A-4AB9-BA99-4D4773ED72F5}.Debug|Any CPU.Build.0 = Debug|Any CPU
		{569E921E-D53A-4AB9-BA99-4D4773ED72F5}.Release|Any CPU.ActiveCfg = Release|Any CPU
		{569E921E-D53A-4AB9-BA99-4D4773ED72F5}.Release|Any CPU.Build.0 = Release|Any CPU
	EndGlobalSection
	GlobalSection(SolutionProperties) = preSolution
		HideSolutionNode = FALSE
	EndGlobalSection
	GlobalSection(ExtensibilityGlobals) = postSolution
		SolutionGuid = {589C13DD-D43F-464E-8B82-D4F802E985B9}
	EndGlobalSection
EndGlobal
